
Microsoft Visual Studio Solution File, Format Version 12.00
# Visual Studio Version 17
VisualStudioVersion = 17.5.33424.131
MinimumVisualStudioVersion = 10.0.40219.1
Project("{FAE04EC0-301F-11D3-BF4B-00C04F79EFBC}") = "CbIKLbI", "CbIKLbI\CbIKLbI.csproj", "{399B0A2B-94B5-4CAA-8CF9-18201A71D26B}"
EndProject
Global
	GlobalSection(SolutionConfigurationPlatforms) = preSolution
		Debug|Any CPU = Debug|Any CPU
		Release|Any CPU = Release|Any CPU
	EndGlobalSection
	GlobalSection(ProjectConfigurationPlatforms) = postSolution
		{399B0A2B-94B5-4CAA-8CF9-18201A71D26B}.Debug|Any CPU.ActiveCfg = Debug|Any CPU
		{399B0A2B-94B5-4CAA-8CF9-18201A71D26B}.Debug|Any CPU.Build.0 = Debug|Any CPU
		{399B0A2B-94B5-4CAA-8CF9-18201A71D26B}.Release|Any CPU.ActiveCfg = Release|Any CPU
		{399B0A2B-94B5-4CAA-8CF9-18201A71D26B}.Release|Any CPU.Build.0 = Release|Any CPU
	EndGlobalSection
	GlobalSection(SolutionProperties) = preSolution
		HideSolutionNode = FALSE
	EndGlobalSection
	GlobalSection(ExtensibilityGlobals) = postSolution
		SolutionGuid = {AAF535BC-B457-4205-95E1-E0C9C099D9E5}
	EndGlobalSection
EndGlobal
